
Microsoft Visual Studio Solution File, Format Version 12.00
# Visual Studio Version 16
VisualStudioVersion = 16.0.31624.102
MinimumVisualStudioVersion = 10.0.40219.1
Project("{FAE04EC0-301F-11D3-BF4B-00C04F79EFBC}") = "TestWpfUser", "TestWpfUser\TestWpfUser.csproj", "{65A6FF34-4F6C-49FC-8DE6-616E1ACFEBAD}"
EndProject
Global
	GlobalSection(SolutionConfigurationPlatforms) = preSolution
		Debug|Any CPU = Debug|Any CPU
		Release|Any CPU = Release|Any CPU
	EndGlobalSection
	GlobalSection(ProjectConfigurationPlatforms) = postSolution
		{65A6FF34-4F6C-49FC-8DE6-616E1ACFEBAD}.Debug|Any CPU.ActiveCfg = Debug|Any CPU
		{65A6FF34-4F6C-49FC-8DE6-616E1ACFEBAD}.Debug|Any CPU.Build.0 = Debug|Any CPU
		{65A6FF34-4F6C-49FC-8DE6-616E1ACFEBAD}.Release|Any CPU.ActiveCfg = Release|Any CPU
		{65A6FF34-4F6C-49FC-8DE6-616E1ACFEBAD}.Release|Any CPU.Build.0 = Release|Any CPU
	EndGlobalSection
	GlobalSection(SolutionProperties) = preSolution
		HideSolutionNode = FALSE
	EndGlobalSection
	GlobalSection(ExtensibilityGlobals) = postSolution
		SolutionGuid = {85F6C293-AFF0-4AD3-AFD6-C426B6F385B7}
	EndGlobalSection
EndGlobal
